// !$*UTF8*$!
{
	archiveVersion = 1;
	classes = {
	};
	objectVersion = 56;
	objects = {

/* Begin PBXBuildFile section */
		DE2647462A68331B00C25420 /* TaskTypeCollectionViewCell.swift in Sources */ = {isa = PBXBuildFile; fileRef = DE2647442A68331B00C25420 /* TaskTypeCollectionViewCell.swift */; };
		DE2647472A68331B00C25420 /* TaskTypeCollectionViewCell.xib in Resources */ = {isa = PBXBuildFile; fileRef = DE2647452A68331B00C25420 /* TaskTypeCollectionViewCell.xib */; };
		DEC0D4312A65D8C900427234 /* NewTaskViewController.swift in Sources */ = {isa = PBXBuildFile; fileRef = DEC0D4302A65D8C900427234 /* NewTaskViewController.swift */; };
		DEDF7E322A6584B70037E9F9 /* AppDelegate.swift in Sources */ = {isa = PBXBuildFile; fileRef = DEDF7E312A6584B70037E9F9 /* AppDelegate.swift */; };
		DEDF7E342A6584B70037E9F9 /* SceneDelegate.swift in Sources */ = {isa = PBXBuildFile; fileRef = DEDF7E332A6584B70037E9F9 /* SceneDelegate.swift */; };
		DEDF7E362A6584B70037E9F9 /* MainViewController.swift in Sources */ = {isa = PBXBuildFile; fileRef = DEDF7E352A6584B70037E9F9 /* MainViewController.swift */; };
		DEDF7E392A6584B70037E9F9 /* Main.storyboard in Resources */ = {isa = PBXBuildFile; fileRef = DEDF7E372A6584B70037E9F9 /* Main.storyboard */; };
		DEDF7E3C2A6584B70037E9F9 /* TaskCountdown.xcdatamodeld in Sources */ = {isa = PBXBuildFile; fileRef = DEDF7E3A2A6584B70037E9F9 /* TaskCountdown.xcdatamodeld */; };
		DEDF7E3E2A6584B80037E9F9 /* Assets.xcassets in Resources */ = {isa = PBXBuildFile; fileRef = DEDF7E3D2A6584B80037E9F9 /* Assets.xcassets */; };
		DEDF7E412A6584B80037E9F9 /* LaunchScreen.storyboard in Resources */ = {isa = PBXBuildFile; fileRef = DEDF7E3F2A6584B80037E9F9 /* LaunchScreen.storyboard */; };
		DEDF7E5D2A6589D70037E9F9 /* Montserrat-LightItalic.ttf in Resources */ = {isa = PBXBuildFile; fileRef = DEDF7E532A6589D70037E9F9 /* Montserrat-LightItalic.ttf */; };
		DEDF7E5E2A6589D70037E9F9 /* Montserrat-Medium.ttf in Resources */ = {isa = PBXBuildFile; fileRef = DEDF7E542A6589D70037E9F9 /* Montserrat-Medium.ttf */; };
		DEDF7E5F2A6589D70037E9F9 /* Montserrat-BoldItalic.ttf in Resources */ = {isa = PBXBuildFile; fileRef = DEDF7E552A6589D70037E9F9 /* Montserrat-BoldItalic.ttf */; };
		DEDF7E602A6589D70037E9F9 /* Montserrat-Bold.ttf in Resources */ = {isa = PBXBuildFile; fileRef = DEDF7E562A6589D70037E9F9 /* Montserrat-Bold.ttf */; };
		DEDF7E612A6589D70037E9F9 /* Montserrat-MediumItalic.ttf in Resources */ = {isa = PBXBuildFile; fileRef = DEDF7E572A6589D70037E9F9 /* Montserrat-MediumItalic.ttf */; };
		DEDF7E622A6589D70037E9F9 /* Montserrat-SemiBold.ttf in Resources */ = {isa = PBXBuildFile; fileRef = DEDF7E582A6589D70037E9F9 /* Montserrat-SemiBold.ttf */; };
		DEDF7E632A6589D70037E9F9 /* Montserrat-SemiBoldItalic.ttf in Resources */ = {isa = PBXBuildFile; fileRef = DEDF7E592A6589D70037E9F9 /* Montserrat-SemiBoldItalic.ttf */; };
		DEDF7E642A6589D70037E9F9 /* Code Pro Bold LC.otf in Resources */ = {isa = PBXBuildFile; fileRef = DEDF7E5B2A6589D70037E9F9 /* Code Pro Bold LC.otf */; };
		DEDF7E652A6589D70037E9F9 /* Code Pro LC.otf in Resources */ = {isa = PBXBuildFile; fileRef = DEDF7E5C2A6589D70037E9F9 /* Code Pro LC.otf */; };
		DEDF7E672A658B210037E9F9 /* ColorExtensions.swift in Sources */ = {isa = PBXBuildFile; fileRef = DEDF7E662A658B210037E9F9 /* ColorExtensions.swift */; };
		DEDF7E692A658C370037E9F9 /* FoundationExtensions.swift in Sources */ = {isa = PBXBuildFile; fileRef = DEDF7E682A658C370037E9F9 /* FoundationExtensions.swift */; };
		DEDF7E6B2A658F440037E9F9 /* Box.swift in Sources */ = {isa = PBXBuildFile; fileRef = DEDF7E6A2A658F440037E9F9 /* Box.swift */; };
		DEDF7E6D2A6590420037E9F9 /* Constants.swift in Sources */ = {isa = PBXBuildFile; fileRef = DEDF7E6C2A6590420037E9F9 /* Constants.swift */; };
		DEDF7E6F2A6592A40037E9F9 /* Task.swift in Sources */ = {isa = PBXBuildFile; fileRef = DEDF7E6E2A6592A40037E9F9 /* Task.swift */; };
		DEDF7E742A6595030037E9F9 /* TaskViewModels.swift in Sources */ = {isa = PBXBuildFile; fileRef = DEDF7E732A6595030037E9F9 /* TaskViewModels.swift */; };
/* End PBXBuildFile section */

/* Begin PBXFileReference section */
		DE2647442A68331B00C25420 /* TaskTypeCollectionViewCell.swift */ = {isa = PBXFileReference; lastKnownFileType = sourcecode.swift; path = TaskTypeCollectionViewCell.swift; sourceTree = "<group>"; };
		DE2647452A68331B00C25420 /* TaskTypeCollectionViewCell.xib */ = {isa = PBXFileReference; lastKnownFileType = file.xib; path = TaskTypeCollectionViewCell.xib; sourceTree = "<group>"; };
		DEC0D4302A65D8C900427234 /* NewTaskViewController.swift */ = {isa = PBXFileReference; lastKnownFileType = sourcecode.swift; path = NewTaskViewController.swift; sourceTree = "<group>"; };
		DEDF7E2E2A6584B70037E9F9 /* TaskCountdown.app */ = {isa = PBXFileReference; explicitFileType = wrapper.application; includeInIndex = 0; path = TaskCountdown.app; sourceTree = BUILT_PRODUCTS_DIR; };
		DEDF7E312A6584B70037E9F9 /* AppDelegate.swift */ = {isa = PBXFileReference; lastKnownFileType = sourcecode.swift; path = AppDelegate.swift; sourceTree = "<group>"; };
		DEDF7E332A6584B70037E9F9 /* SceneDelegate.swift */ = {isa = PBXFileReference; lastKnownFileType = sourcecode.swift; path = SceneDelegate.swift; sourceTree = "<group>"; };
		DEDF7E352A6584B70037E9F9 /* MainViewController.swift */ = {isa = PBXFileReference; lastKnownFileType = sourcecode.swift; path = MainViewController.swift; sourceTree = "<group>"; };
		DEDF7E382A6584B70037E9F9 /* Base */ = {isa = PBXFileReference; lastKnownFileType = file.storyboard; name = Base; path = Base.lproj/Main.storyboard; sourceTree = "<group>"; };
		DEDF7E3B2A6584B70037E9F9 /* TaskCountdown.xcdatamodel */ = {isa = PBXFileReference; lastKnownFileType = wrapper.xcdatamodel; path = TaskCountdown.xcdatamodel; sourceTree = "<group>"; };
		DEDF7E3D2A6584B80037E9F9 /* Assets.xcassets */ = {isa = PBXFileReference; lastKnownFileType = folder.assetcatalog; path = Assets.xcassets; sourceTree = "<group>"; };
		DEDF7E402A6584B80037E9F9 /* Base */ = {isa = PBXFileReference; lastKnownFileType = file.storyboard; name = Base; path = Base.lproj/LaunchScreen.storyboard; sourceTree = "<group>"; };
		DEDF7E422A6584B80037E9F9 /* Info.plist */ = {isa = PBXFileReference; lastKnownFileType = text.plist.xml; path = Info.plist; sourceTree = "<group>"; };
		DEDF7E532A6589D70037E9F9 /* Montserrat-LightItalic.ttf */ = {isa = PBXFileReference; lastKnownFileType = file; path = "Montserrat-LightItalic.ttf"; sourceTree = "<group>"; };
		DEDF7E542A6589D70037E9F9 /* Montserrat-Medium.ttf */ = {isa = PBXFileReference; lastKnownFileType = file; path = "Montserrat-Medium.ttf"; sourceTree = "<group>"; };
		DEDF7E552A6589D70037E9F9 /* Montserrat-BoldItalic.ttf */ = {isa = PBXFileReference; lastKnownFileType = file; path = "Montserrat-BoldItalic.ttf"; sourceTree = "<group>"; };
		DEDF7E562A6589D70037E9F9 /* Montserrat-Bold.ttf */ = {isa = PBXFileReference; lastKnownFileType = file; path = "Montserrat-Bold.ttf"; sourceTree = "<group>"; };
		DEDF7E572A6589D70037E9F9 /* Montserrat-MediumItalic.ttf */ = {isa = PBXFileReference; lastKnownFileType = file; path = "Montserrat-MediumItalic.ttf"; sourceTree = "<group>"; };
		DEDF7E582A6589D70037E9F9 /* Montserrat-SemiBold.ttf */ = {isa = PBXFileReference; lastKnownFileType = file; path = "Montserrat-SemiBold.ttf"; sourceTree = "<group>"; };
		DEDF7E592A6589D70037E9F9 /* Montserrat-SemiBoldItalic.ttf */ = {isa = PBXFileReference; lastKnownFileType = file; path = "Montserrat-SemiBoldItalic.ttf"; sourceTree = "<group>"; };
		DEDF7E5B2A6589D70037E9F9 /* Code Pro Bold LC.otf */ = {isa = PBXFileReference; lastKnownFileType = file; path = "Code Pro Bold LC.otf"; sourceTree = "<group>"; };
		DEDF7E5C2A6589D70037E9F9 /* Code Pro LC.otf */ = {isa = PBXFileReference; lastKnownFileType = file; path = "Code Pro LC.otf"; sourceTree = "<group>"; };
		DEDF7E662A658B210037E9F9 /* ColorExtensions.swift */ = {isa = PBXFileReference; lastKnownFileType = sourcecode.swift; path = ColorExtensions.swift; sourceTree = "<group>"; };
		DEDF7E682A658C370037E9F9 /* FoundationExtensions.swift */ = {isa = PBXFileReference; lastKnownFileType = sourcecode.swift; path = FoundationExtensions.swift; sourceTree = "<group>"; };
		DEDF7E6A2A658F440037E9F9 /* Box.swift */ = {isa = PBXFileReference; lastKnownFileType = sourcecode.swift; path = Box.swift; sourceTree = "<group>"; };
		DEDF7E6C2A6590420037E9F9 /* Constants.swift */ = {isa = PBXFileReference; lastKnownFileType = sourcecode.swift; path = Constants.swift; sourceTree = "<group>"; };
		DEDF7E6E2A6592A40037E9F9 /* Task.swift */ = {isa = PBXFileReference; lastKnownFileType = sourcecode.swift; path = Task.swift; sourceTree = "<group>"; };
		DEDF7E732A6595030037E9F9 /* TaskViewModels.swift */ = {isa = PBXFileReference; lastKnownFileType = sourcecode.swift; path = TaskViewModels.swift; sourceTree = "<group>"; };
/* End PBXFileReference section */

/* Begin PBXFrameworksBuildPhase section */
		DEDF7E2B2A6584B70037E9F9 /* Frameworks */ = {
			isa = PBXFrameworksBuildPhase;
			buildActionMask = 2147483647;
			files = (
			);
			runOnlyForDeploymentPostprocessing = 0;
		};
/* End PBXFrameworksBuildPhase section */

/* Begin PBXGroup section */
		DEDF7E252A6584B70037E9F9 = {
			isa = PBXGroup;
			children = (
				DEDF7E302A6584B70037E9F9 /* TaskCountdown */,
				DEDF7E2F2A6584B70037E9F9 /* Products */,
			);
			sourceTree = "<group>";
		};
		DEDF7E2F2A6584B70037E9F9 /* Products */ = {
			isa = PBXGroup;
			children = (
				DEDF7E2E2A6584B70037E9F9 /* TaskCountdown.app */,
			);
			name = Products;
			sourceTree = "<group>";
		};
		DEDF7E302A6584B70037E9F9 /* TaskCountdown */ = {
			isa = PBXGroup;
			children = (
				DEDF7E4F2A6588700037E9F9 /* Extensions */,
				DEDF7E4A2A6586890037E9F9 /* Code */,
				DEDF7E502A6588790037E9F9 /* Utils */,
				DEDF7E482A65855D0037E9F9 /* Resources */,
			);
			path = TaskCountdown;
			sourceTree = "<group>";
		};
		DEDF7E482A65855D0037E9F9 /* Resources */ = {
			isa = PBXGroup;
			children = (
				DEDF7E512A65892C0037E9F9 /* Fonts */,
				DEDF7E3D2A6584B80037E9F9 /* Assets.xcassets */,
				DEDF7E3F2A6584B80037E9F9 /* LaunchScreen.storyboard */,
				DEDF7E422A6584B80037E9F9 /* Info.plist */,
				DEDF7E3A2A6584B70037E9F9 /* TaskCountdown.xcdatamodeld */,
			);
			path = Resources;
			sourceTree = "<group>";
		};
		DEDF7E492A6586190037E9F9 /* Modules */ = {
			isa = PBXGroup;
			children = (
				DEDF7E4C2A6587430037E9F9 /* Main */,
			);
			path = Modules;
			sourceTree = "<group>";
		};
		DEDF7E4A2A6586890037E9F9 /* Code */ = {
			isa = PBXGroup;
			children = (
				DEDF7E4B2A6586E10037E9F9 /* Controllers */,
				DEDF7E4D2A6587C30037E9F9 /* Models */,
				DEDF7E492A6586190037E9F9 /* Modules */,
				DEDF7E4E2A6587D50037E9F9 /* Services */,
			);
			path = Code;
			sourceTree = "<group>";
		};
		DEDF7E4B2A6586E10037E9F9 /* Controllers */ = {
			isa = PBXGroup;
			children = (
				DEDF7E312A6584B70037E9F9 /* AppDelegate.swift */,
				DEDF7E332A6584B70037E9F9 /* SceneDelegate.swift */,
				DEDF7E6A2A658F440037E9F9 /* Box.swift */,
			);
			path = Controllers;
			sourceTree = "<group>";
		};
		DEDF7E4C2A6587430037E9F9 /* Main */ = {
			isa = PBXGroup;
			children = (
				DEDF7E702A6594410037E9F9 /* Cells */,
				DEDF7E712A6594A00037E9F9 /* ViewModels */,
				DEDF7E352A6584B70037E9F9 /* MainViewController.swift */,
				DEC0D4302A65D8C900427234 /* NewTaskViewController.swift */,
				DEDF7E372A6584B70037E9F9 /* Main.storyboard */,
			);
			path = Main;
			sourceTree = "<group>";
		};
		DEDF7E4D2A6587C30037E9F9 /* Models */ = {
			isa = PBXGroup;
			children = (
				DEDF7E6E2A6592A40037E9F9 /* Task.swift */,
			);
			path = Models;
			sourceTree = "<group>";
		};
		DEDF7E4E2A6587D50037E9F9 /* Services */ = {
			isa = PBXGroup;
			children = (
			);
			path = Services;
			sourceTree = "<group>";
		};
		DEDF7E4F2A6588700037E9F9 /* Extensions */ = {
			isa = PBXGroup;
			children = (
				DEDF7E662A658B210037E9F9 /* ColorExtensions.swift */,
				DEDF7E682A658C370037E9F9 /* FoundationExtensions.swift */,
			);
			path = Extensions;
			sourceTree = "<group>";
		};
		DEDF7E502A6588790037E9F9 /* Utils */ = {
			isa = PBXGroup;
			children = (
				DEDF7E6C2A6590420037E9F9 /* Constants.swift */,
			);
			path = Utils;
			sourceTree = "<group>";
		};
		DEDF7E512A65892C0037E9F9 /* Fonts */ = {
			isa = PBXGroup;
			children = (
				DEDF7E5A2A6589D70037E9F9 /* Code-Pro */,
				DEDF7E522A6589D70037E9F9 /* Montserrat */,
			);
			path = Fonts;
			sourceTree = "<group>";
		};
		DEDF7E522A6589D70037E9F9 /* Montserrat */ = {
			isa = PBXGroup;
			children = (
				DEDF7E532A6589D70037E9F9 /* Montserrat-LightItalic.ttf */,
				DEDF7E542A6589D70037E9F9 /* Montserrat-Medium.ttf */,
				DEDF7E552A6589D70037E9F9 /* Montserrat-BoldItalic.ttf */,
				DEDF7E562A6589D70037E9F9 /* Montserrat-Bold.ttf */,
				DEDF7E572A6589D70037E9F9 /* Montserrat-MediumItalic.ttf */,
				DEDF7E582A6589D70037E9F9 /* Montserrat-SemiBold.ttf */,
				DEDF7E592A6589D70037E9F9 /* Montserrat-SemiBoldItalic.ttf */,
			);
			path = Montserrat;
			sourceTree = "<group>";
		};
		DEDF7E5A2A6589D70037E9F9 /* Code-Pro */ = {
			isa = PBXGroup;
			children = (
				DEDF7E5B2A6589D70037E9F9 /* Code Pro Bold LC.otf */,
				DEDF7E5C2A6589D70037E9F9 /* Code Pro LC.otf */,
			);
			path = "Code-Pro";
			sourceTree = "<group>";
		};
		DEDF7E702A6594410037E9F9 /* Cells */ = {
			isa = PBXGroup;
			children = (
				DE2647442A68331B00C25420 /* TaskTypeCollectionViewCell.swift */,
				DE2647452A68331B00C25420 /* TaskTypeCollectionViewCell.xib */,
			);
			path = Cells;
			sourceTree = "<group>";
		};
		DEDF7E712A6594A00037E9F9 /* ViewModels */ = {
			isa = PBXGroup;
			children = (
				DEDF7E732A6595030037E9F9 /* TaskViewModels.swift */,
			);
			path = ViewModels;
			sourceTree = "<group>";
		};
/* End PBXGroup section */

/* Begin PBXNativeTarget section */
		DEDF7E2D2A6584B70037E9F9 /* TaskCountdown */ = {
			isa = PBXNativeTarget;
			buildConfigurationList = DEDF7E452A6584B80037E9F9 /* Build configuration list for PBXNativeTarget "TaskCountdown" */;
			buildPhases = (
				DEDF7E2A2A6584B70037E9F9 /* Sources */,
				DEDF7E2B2A6584B70037E9F9 /* Frameworks */,
				DEDF7E2C2A6584B70037E9F9 /* Resources */,
			);
			buildRules = (
			);
			dependencies = (
			);
			name = TaskCountdown;
			productName = TaskCountdown;
			productReference = DEDF7E2E2A6584B70037E9F9 /* TaskCountdown.app */;
			productType = "com.apple.product-type.application";
		};
/* End PBXNativeTarget section */

/* Begin PBXProject section */
		DEDF7E262A6584B70037E9F9 /* Project object */ = {
			isa = PBXProject;
			attributes = {
				BuildIndependentTargetsInParallel = 1;
				LastSwiftUpdateCheck = 1430;
				LastUpgradeCheck = 1430;
				TargetAttributes = {
					DEDF7E2D2A6584B70037E9F9 = {
						CreatedOnToolsVersion = 14.3.1;
					};
				};
			};
			buildConfigurationList = DEDF7E292A6584B70037E9F9 /* Build configuration list for PBXProject "TaskCountdown" */;
			compatibilityVersion = "Xcode 14.0";
			developmentRegion = en;
			hasScannedForEncodings = 0;
			knownRegions = (
				en,
				Base,
			);
			mainGroup = DEDF7E252A6584B70037E9F9;
			productRefGroup = DEDF7E2F2A6584B70037E9F9 /* Products */;
			projectDirPath = "";
			projectRoot = "";
			targets = (
				DEDF7E2D2A6584B70037E9F9 /* TaskCountdown */,
			);
		};
/* End PBXProject section */

/* Begin PBXResourcesBuildPhase section */
		DEDF7E2C2A6584B70037E9F9 /* Resources */ = {
			isa = PBXResourcesBuildPhase;
			buildActionMask = 2147483647;
			files = (
				DEDF7E5F2A6589D70037E9F9 /* Montserrat-BoldItalic.ttf in Resources */,
				DE2647472A68331B00C25420 /* TaskTypeCollectionViewCell.xib in Resources */,
				DEDF7E5D2A6589D70037E9F9 /* Montserrat-LightItalic.ttf in Resources */,
				DEDF7E612A6589D70037E9F9 /* Montserrat-MediumItalic.ttf in Resources */,
				DEDF7E5E2A6589D70037E9F9 /* Montserrat-Medium.ttf in Resources */,
				DEDF7E412A6584B80037E9F9 /* LaunchScreen.storyboard in Resources */,
				DEDF7E3E2A6584B80037E9F9 /* Assets.xcassets in Resources */,
				DEDF7E622A6589D70037E9F9 /* Montserrat-SemiBold.ttf in Resources */,
				DEDF7E642A6589D70037E9F9 /* Code Pro Bold LC.otf in Resources */,
				DEDF7E392A6584B70037E9F9 /* Main.storyboard in Resources */,
				DEDF7E652A6589D70037E9F9 /* Code Pro LC.otf in Resources */,
				DEDF7E632A6589D70037E9F9 /* Montserrat-SemiBoldItalic.ttf in Resources */,
				DEDF7E602A6589D70037E9F9 /* Montserrat-Bold.ttf in Resources */,
			);
			runOnlyForDeploymentPostprocessing = 0;
		};
/* End PBXResourcesBuildPhase section */

/* Begin PBXSourcesBuildPhase section */
		DEDF7E2A2A6584B70037E9F9 /* Sources */ = {
			isa = PBXSourcesBuildPhase;
			buildActionMask = 2147483647;
			files = (
				DEDF7E362A6584B70037E9F9 /* MainViewController.swift in Sources */,
				DEDF7E6B2A658F440037E9F9 /* Box.swift in Sources */,
				DEDF7E672A658B210037E9F9 /* ColorExtensions.swift in Sources */,
				DEC0D4312A65D8C900427234 /* NewTaskViewController.swift in Sources */,
				DEDF7E742A6595030037E9F9 /* TaskViewModels.swift in Sources */,
				DEDF7E692A658C370037E9F9 /* FoundationExtensions.swift in Sources */,
				DE2647462A68331B00C25420 /* TaskTypeCollectionViewCell.swift in Sources */,
				DEDF7E322A6584B70037E9F9 /* AppDelegate.swift in Sources */,
				DEDF7E3C2A6584B70037E9F9 /* TaskCountdown.xcdatamodeld in Sources */,
				DEDF7E342A6584B70037E9F9 /* SceneDelegate.swift in Sources */,
				DEDF7E6F2A6592A40037E9F9 /* Task.swift in Sources */,
				DEDF7E6D2A6590420037E9F9 /* Constants.swift in Sources */,
			);
			runOnlyForDeploymentPostprocessing = 0;
		};
/* End PBXSourcesBuildPhase section */

/* Begin PBXVariantGroup section */
		DEDF7E372A6584B70037E9F9 /* Main.storyboard */ = {
			isa = PBXVariantGroup;
			children = (
				DEDF7E382A6584B70037E9F9 /* Base */,
			);
			name = Main.storyboard;
			sourceTree = "<group>";
		};
		DEDF7E3F2A6584B80037E9F9 /* LaunchScreen.storyboard */ = {
			isa = PBXVariantGroup;
			children = (
				DEDF7E402A6584B80037E9F9 /* Base */,
			);
			name = LaunchScreen.storyboard;
			sourceTree = "<group>";
		};
/* End PBXVariantGroup section */

/* Begin XCBuildConfiguration section */
		DEDF7E432A6584B80037E9F9 /* Debug */ = {
			isa = XCBuildConfiguration;
			buildSettings = {
				ALWAYS_SEARCH_USER_PATHS = NO;
				CLANG_ANALYZER_NONNULL = YES;
				CLANG_ANALYZER_NUMBER_OBJECT_CONVERSION = YES_AGGRESSIVE;
				CLANG_CXX_LANGUAGE_STANDARD = "gnu++20";
				CLANG_ENABLE_MODULES = YES;
				CLANG_ENABLE_OBJC_ARC = YES;
				CLANG_ENABLE_OBJC_WEAK = YES;
				CLANG_WARN_BLOCK_CAPTURE_AUTORELEASING = YES;
				CLANG_WARN_BOOL_CONVERSION = YES;
				CLANG_WARN_COMMA = YES;
				CLANG_WARN_CONSTANT_CONVERSION = YES;
				CLANG_WARN_DEPRECATED_OBJC_IMPLEMENTATIONS = YES;
				CLANG_WARN_DIRECT_OBJC_ISA_USAGE = YES_ERROR;
				CLANG_WARN_DOCUMENTATION_COMMENTS = YES;
				CLANG_WARN_EMPTY_BODY = YES;
				CLANG_WARN_ENUM_CONVERSION = YES;
				CLANG_WARN_INFINITE_RECURSION = YES;
				CLANG_WARN_INT_CONVERSION = YES;
				CLANG_WARN_NON_LITERAL_NULL_CONVERSION = YES;
				CLANG_WARN_OBJC_IMPLICIT_RETAIN_SELF = YES;
				CLANG_WARN_OBJC_LITERAL_CONVERSION = YES;
				CLANG_WARN_OBJC_ROOT_CLASS = YES_ERROR;
				CLANG_WARN_QUOTED_INCLUDE_IN_FRAMEWORK_HEADER = YES;
				CLANG_WARN_RANGE_LOOP_ANALYSIS = YES;
				CLANG_WARN_STRICT_PROTOTYPES = YES;
				CLANG_WARN_SUSPICIOUS_MOVE = YES;
				CLANG_WARN_UNGUARDED_AVAILABILITY = YES_AGGRESSIVE;
				CLANG_WARN_UNREACHABLE_CODE = YES;
				CLANG_WARN__DUPLICATE_METHOD_MATCH = YES;
				COPY_PHASE_STRIP = NO;
				DEBUG_INFORMATION_FORMAT = dwarf;
				ENABLE_STRICT_OBJC_MSGSEND = YES;
				ENABLE_TESTABILITY = YES;
				GCC_C_LANGUAGE_STANDARD = gnu11;
				GCC_DYNAMIC_NO_PIC = NO;
				GCC_NO_COMMON_BLOCKS = YES;
				GCC_OPTIMIZATION_LEVEL = 0;
				GCC_PREPROCESSOR_DEFINITIONS = (
					"DEBUG=1",
					"$(inherited)",
				);
				GCC_WARN_64_TO_32_BIT_CONVERSION = YES;
				GCC_WARN_ABOUT_RETURN_TYPE = YES_ERROR;
				GCC_WARN_UNDECLARED_SELECTOR = YES;
				GCC_WARN_UNINITIALIZED_AUTOS = YES_AGGRESSIVE;
				GCC_WARN_UNUSED_FUNCTION = YES;
				GCC_WARN_UNUSED_VARIABLE = YES;
				IPHONEOS_DEPLOYMENT_TARGET = 16.4;
				MTL_ENABLE_DEBUG_INFO = INCLUDE_SOURCE;
				MTL_FAST_MATH = YES;
				ONLY_ACTIVE_ARCH = YES;
				SDKROOT = iphoneos;
				SWIFT_ACTIVE_COMPILATION_CONDITIONS = DEBUG;
				SWIFT_OPTIMIZATION_LEVEL = "-Onone";
			};
			name = Debug;
		};
		DEDF7E442A6584B80037E9F9 /* Release */ = {
			isa = XCBuildConfiguration;
			buildSettings = {
				ALWAYS_SEARCH_USER_PATHS = NO;
				CLANG_ANALYZER_NONNULL = YES;
				CLANG_ANALYZER_NUMBER_OBJECT_CONVERSION = YES_AGGRESSIVE;
				CLANG_CXX_LANGUAGE_STANDARD = "gnu++20";
				CLANG_ENABLE_MODULES = YES;
				CLANG_ENABLE_OBJC_ARC = YES;
				CLANG_ENABLE_OBJC_WEAK = YES;
				CLANG_WARN_BLOCK_CAPTURE_AUTORELEASING = YES;
				CLANG_WARN_BOOL_CONVERSION = YES;
				CLANG_WARN_COMMA = YES;
				CLANG_WARN_CONSTANT_CONVERSION = YES;
				CLANG_WARN_DEPRECATED_OBJC_IMPLEMENTATIONS = YES;
				CLANG_WARN_DIRECT_OBJC_ISA_USAGE = YES_ERROR;
				CLANG_WARN_DOCUMENTATION_COMMENTS = YES;
				CLANG_WARN_EMPTY_BODY = YES;
				CLANG_WARN_ENUM_CONVERSION = YES;
				CLANG_WARN_INFINITE_RECURSION = YES;
				CLANG_WARN_INT_CONVERSION = YES;
				CLANG_WARN_NON_LITERAL_NULL_CONVERSION = YES;
				CLANG_WARN_OBJC_IMPLICIT_RETAIN_SELF = YES;
				CLANG_WARN_OBJC_LITERAL_CONVERSION = YES;
				CLANG_WARN_OBJC_ROOT_CLASS = YES_ERROR;
				CLANG_WARN_QUOTED_INCLUDE_IN_FRAMEWORK_HEADER = YES;
				CLANG_WARN_RANGE_LOOP_ANALYSIS = YES;
				CLANG_WARN_STRICT_PROTOTYPES = YES;
				CLANG_WARN_SUSPICIOUS_MOVE = YES;
				CLANG_WARN_UNGUARDED_AVAILABILITY = YES_AGGRESSIVE;
				CLANG_WARN_UNREACHABLE_CODE = YES;
				CLANG_WARN__DUPLICATE_METHOD_MATCH = YES;
				COPY_PHASE_STRIP = NO;
				DEBUG_INFORMATION_FORMAT = "dwarf-with-dsym";
				ENABLE_NS_ASSERTIONS = NO;
				ENABLE_STRICT_OBJC_MSGSEND = YES;
				GCC_C_LANGUAGE_STANDARD = gnu11;
				GCC_NO_COMMON_BLOCKS = YES;
				GCC_WARN_64_TO_32_BIT_CONVERSION = YES;
				GCC_WARN_ABOUT_RETURN_TYPE = YES_ERROR;
				GCC_WARN_UNDECLARED_SELECTOR = YES;
				GCC_WARN_UNINITIALIZED_AUTOS = YES_AGGRESSIVE;
				GCC_WARN_UNUSED_FUNCTION = YES;
				GCC_WARN_UNUSED_VARIABLE = YES;
				IPHONEOS_DEPLOYMENT_TARGET = 16.4;
				MTL_ENABLE_DEBUG_INFO = NO;
				MTL_FAST_MATH = YES;
				SDKROOT = iphoneos;
				SWIFT_COMPILATION_MODE = wholemodule;
				SWIFT_OPTIMIZATION_LEVEL = "-O";
				VALIDATE_PRODUCT = YES;
			};
			name = Release;
		};
		DEDF7E462A6584B80037E9F9 /* Debug */ = {
			isa = XCBuildConfiguration;
			buildSettings = {
				ASSETCATALOG_COMPILER_APPICON_NAME = AppIcon;
				ASSETCATALOG_COMPILER_GLOBAL_ACCENT_COLOR_NAME = AccentColor;
				CODE_SIGN_STYLE = Automatic;
				CURRENT_PROJECT_VERSION = 1;
				DEVELOPMENT_TEAM = 6CBZZ2956M;
				GENERATE_INFOPLIST_FILE = YES;
				INFOPLIST_FILE = TaskCountdown/Resources/Info.plist;
				INFOPLIST_KEY_UIApplicationSupportsIndirectInputEvents = YES;
				INFOPLIST_KEY_UILaunchStoryboardName = LaunchScreen;
				INFOPLIST_KEY_UIMainStoryboardFile = Main;
				INFOPLIST_KEY_UISupportedInterfaceOrientations = UIInterfaceOrientationPortrait;
				INFOPLIST_KEY_UISupportedInterfaceOrientations_iPad = "UIInterfaceOrientationLandscapeLeft UIInterfaceOrientationLandscapeRight UIInterfaceOrientationPortrait UIInterfaceOrientationPortraitUpsideDown";
				LD_RUNPATH_SEARCH_PATHS = (
					"$(inherited)",
					"@executable_path/Frameworks",
				);
				MARKETING_VERSION = 1.0;
				PRODUCT_BUNDLE_IDENTIFIER = com.raminagazade.TaskCountdown;
				PRODUCT_NAME = "$(TARGET_NAME)";
				SWIFT_EMIT_LOC_STRINGS = YES;
				SWIFT_VERSION = 5.0;
				TARGETED_DEVICE_FAMILY = "1,2";
			};
			name = Debug;
		};
		DEDF7E472A6584B80037E9F9 /* Release */ = {
			isa = XCBuildConfiguration;
			buildSettings = {
				ASSETCATALOG_COMPILER_APPICON_NAME = AppIcon;
				ASSETCATALOG_COMPILER_GLOBAL_ACCENT_COLOR_NAME = AccentColor;
				CODE_SIGN_STYLE = Automatic;
				CURRENT_PROJECT_VERSION = 1;
				DEVELOPMENT_TEAM = 6CBZZ2956M;
				GENERATE_INFOPLIST_FILE = YES;
				INFOPLIST_FILE = TaskCountdown/Resources/Info.plist;
				INFOPLIST_KEY_UIApplicationSupportsIndirectInputEvents = YES;
				INFOPLIST_KEY_UILaunchStoryboardName = LaunchScreen;
				INFOPLIST_KEY_UIMainStoryboardFile = Main;
				INFOPLIST_KEY_UISupportedInterfaceOrientations = UIInterfaceOrientationPortrait;
				INFOPLIST_KEY_UISupportedInterfaceOrientations_iPad = "UIInterfaceOrientationLandscapeLeft UIInterfaceOrientationLandscapeRight UIInterfaceOrientationPortrait UIInterfaceOrientationPortraitUpsideDown";
				LD_RUNPATH_SEARCH_PATHS = (
					"$(inherited)",
					"@executable_path/Frameworks",
				);
				MARKETING_VERSION = 1.0;
				PRODUCT_BUNDLE_IDENTIFIER = com.raminagazade.TaskCountdown;
				PRODUCT_NAME = "$(TARGET_NAME)";
				SWIFT_EMIT_LOC_STRINGS = YES;
				SWIFT_VERSION = 5.0;
				TARGETED_DEVICE_FAMILY = "1,2";
			};
			name = Release;
		};
/* End XCBuildConfiguration section */

/* Begin XCConfigurationList section */
		DEDF7E292A6584B70037E9F9 /* Build configuration list for PBXProject "TaskCountdown" */ = {
			isa = XCConfigurationList;
			buildConfigurations = (
				DEDF7E432A6584B80037E9F9 /* Debug */,
				DEDF7E442A6584B80037E9F9 /* Release */,
			);
			defaultConfigurationIsVisible = 0;
			defaultConfigurationName = Release;
		};
		DEDF7E452A6584B80037E9F9 /* Build configuration list for PBXNativeTarget "TaskCountdown" */ = {
			isa = XCConfigurationList;
			buildConfigurations = (
				DEDF7E462A6584B80037E9F9 /* Debug */,
				DEDF7E472A6584B80037E9F9 /* Release */,
			);
			defaultConfigurationIsVisible = 0;
			defaultConfigurationName = Release;
		};
/* End XCConfigurationList section */

/* Begin XCVersionGroup section */
		DEDF7E3A2A6584B70037E9F9 /* TaskCountdown.xcdatamodeld */ = {
			isa = XCVersionGroup;
			children = (
				DEDF7E3B2A6584B70037E9F9 /* TaskCountdown.xcdatamodel */,
			);
			currentVersion = DEDF7E3B2A6584B70037E9F9 /* TaskCountdown.xcdatamodel */;
			path = TaskCountdown.xcdatamodeld;
			sourceTree = "<group>";
			versionGroupType = wrapper.xcdatamodel;
		};
/* End XCVersionGroup section */
	};
	rootObject = DEDF7E262A6584B70037E9F9 /* Project object */;
}
